// !$*UTF8*$!
{
	archiveVersion = 1;
	classes = {
	};
	objectVersion = 56;
	objects = {

/* Begin PBXBuildFile section */
		9D16097E2B75AAD00058F47D /* DMAPICacheManager.swift in Sources */ = {isa = PBXBuildFile; fileRef = 9D16097D2B75AAD00058F47D /* DMAPICacheManager.swift */; };
		9D194A852B765AA50071A4C5 /* Localizable.strings in Resources */ = {isa = PBXBuildFile; fileRef = 9D194A872B765AA50071A4C5 /* Localizable.strings */; };
		9D194A8B2B7661060071A4C5 /* Localized.swift in Sources */ = {isa = PBXBuildFile; fileRef = 9D194A8A2B7661060071A4C5 /* Localized.swift */; };
		9D194A8D2B7671FB0071A4C5 /* Color.swift in Sources */ = {isa = PBXBuildFile; fileRef = 9D194A8C2B7671FB0071A4C5 /* Color.swift */; };
		9D194A8F2B767DC20071A4C5 /* Image.swift in Sources */ = {isa = PBXBuildFile; fileRef = 9D194A8E2B767DC20071A4C5 /* Image.swift */; };
		9D96EA752B72A0AF00FCD59D /* AppDelegate.swift in Sources */ = {isa = PBXBuildFile; fileRef = 9D96EA742B72A0AF00FCD59D /* AppDelegate.swift */; };
		9D96EA772B72A0AF00FCD59D /* SceneDelegate.swift in Sources */ = {isa = PBXBuildFile; fileRef = 9D96EA762B72A0AF00FCD59D /* SceneDelegate.swift */; };
		9D96EA792B72A0AF00FCD59D /* DMSearchViewController.swift in Sources */ = {isa = PBXBuildFile; fileRef = 9D96EA782B72A0AF00FCD59D /* DMSearchViewController.swift */; };
		9D96EA7E2B72A0B100FCD59D /* Assets.xcassets in Resources */ = {isa = PBXBuildFile; fileRef = 9D96EA7D2B72A0B100FCD59D /* Assets.xcassets */; };
		9D96EA812B72A0B100FCD59D /* LaunchScreen.storyboard in Resources */ = {isa = PBXBuildFile; fileRef = 9D96EA7F2B72A0B100FCD59D /* LaunchScreen.storyboard */; };
		9DAC44F62B750E1F003C5A02 /* ErrorNotFoundModel.swift in Sources */ = {isa = PBXBuildFile; fileRef = 9DAC44F52B750E1F003C5A02 /* ErrorNotFoundModel.swift */; };
		9DAC44F82B751905003C5A02 /* WordDefinitionModel.swift in Sources */ = {isa = PBXBuildFile; fileRef = 9DAC44F72B751905003C5A02 /* WordDefinitionModel.swift */; };
		9DAC44FB2B751B8C003C5A02 /* DMSearchResultViewController.swift in Sources */ = {isa = PBXBuildFile; fileRef = 9DAC44FA2B751B8C003C5A02 /* DMSearchResultViewController.swift */; };
		9DAC44FF2B751BFB003C5A02 /* DMSearchResultView.swift in Sources */ = {isa = PBXBuildFile; fileRef = 9DAC44FE2B751BFB003C5A02 /* DMSearchResultView.swift */; };
		9DAC45012B751C16003C5A02 /* DMSearchResultViewModel.swift in Sources */ = {isa = PBXBuildFile; fileRef = 9DAC45002B751C16003C5A02 /* DMSearchResultViewModel.swift */; };
		9DD21B512B73C47600924998 /* DMSearchViewModel.swift in Sources */ = {isa = PBXBuildFile; fileRef = 9DD21B502B73C47600924998 /* DMSearchViewModel.swift */; };
		9DD21B572B73E45200924998 /* DMPurchaseViewController.swift in Sources */ = {isa = PBXBuildFile; fileRef = 9DD21B562B73E45200924998 /* DMPurchaseViewController.swift */; };
		9DD21B5A2B73E47E00924998 /* DMPurchaseView.swift in Sources */ = {isa = PBXBuildFile; fileRef = 9DD21B592B73E47E00924998 /* DMPurchaseView.swift */; };
		9DD21B652B743B2D00924998 /* DictionaryModel.swift in Sources */ = {isa = PBXBuildFile; fileRef = 9DD21B642B743B2D00924998 /* DictionaryModel.swift */; };
		9DD21B672B74493E00924998 /* DMRequest.swift in Sources */ = {isa = PBXBuildFile; fileRef = 9DD21B662B74493E00924998 /* DMRequest.swift */; };
		9DD21B692B74498C00924998 /* DMEndpoint.swift in Sources */ = {isa = PBXBuildFile; fileRef = 9DD21B682B74498C00924998 /* DMEndpoint.swift */; };
		9DD21B6B2B74508600924998 /* DMService.swift in Sources */ = {isa = PBXBuildFile; fileRef = 9DD21B6A2B74508600924998 /* DMService.swift */; };
		9DD21B6D2B74521A00924998 /* DMServiceManager.swift in Sources */ = {isa = PBXBuildFile; fileRef = 9DD21B6C2B74521A00924998 /* DMServiceManager.swift */; };
		9DDC176A2B75C7F00006A33D /* DMUserDefaultsManager.swift in Sources */ = {isa = PBXBuildFile; fileRef = 9DDC17692B75C7F00006A33D /* DMUserDefaultsManager.swift */; };
		9DDD3DB42B72BB2F0017BD10 /* SF-Pro-Rounded-Light.otf in Resources */ = {isa = PBXBuildFile; fileRef = 9DDD3DAB2B72BB2F0017BD10 /* SF-Pro-Rounded-Light.otf */; };
		9DDD3DB52B72BB2F0017BD10 /* SF-Pro-Rounded-Thin.otf in Resources */ = {isa = PBXBuildFile; fileRef = 9DDD3DAC2B72BB2F0017BD10 /* SF-Pro-Rounded-Thin.otf */; };
		9DDD3DB62B72BB2F0017BD10 /* SF-Pro-Rounded-Black.otf in Resources */ = {isa = PBXBuildFile; fileRef = 9DDD3DAD2B72BB2F0017BD10 /* SF-Pro-Rounded-Black.otf */; };
		9DDD3DB72B72BB2F0017BD10 /* SF-Pro-Rounded-Medium.otf in Resources */ = {isa = PBXBuildFile; fileRef = 9DDD3DAE2B72BB2F0017BD10 /* SF-Pro-Rounded-Medium.otf */; };
		9DDD3DB82B72BB2F0017BD10 /* SF-Pro-Rounded-Ultralight.otf in Resources */ = {isa = PBXBuildFile; fileRef = 9DDD3DAF2B72BB2F0017BD10 /* SF-Pro-Rounded-Ultralight.otf */; };
		9DDD3DB92B72BB2F0017BD10 /* SF-Pro-Rounded-Bold.otf in Resources */ = {isa = PBXBuildFile; fileRef = 9DDD3DB02B72BB2F0017BD10 /* SF-Pro-Rounded-Bold.otf */; };
		9DDD3DBA2B72BB2F0017BD10 /* SF-Pro-Rounded-Semibold.otf in Resources */ = {isa = PBXBuildFile; fileRef = 9DDD3DB12B72BB2F0017BD10 /* SF-Pro-Rounded-Semibold.otf */; };
		9DDD3DBB2B72BB2F0017BD10 /* SF-Pro-Rounded-Heavy.otf in Resources */ = {isa = PBXBuildFile; fileRef = 9DDD3DB22B72BB2F0017BD10 /* SF-Pro-Rounded-Heavy.otf */; };
		9DDD3DBC2B72BB2F0017BD10 /* SF-Pro-Rounded-Regular.otf in Resources */ = {isa = PBXBuildFile; fileRef = 9DDD3DB32B72BB2F0017BD10 /* SF-Pro-Rounded-Regular.otf */; };
		9DDD3DC52B72D4080017BD10 /* DMSearchView.swift in Sources */ = {isa = PBXBuildFile; fileRef = 9DDD3DC42B72D4080017BD10 /* DMSearchView.swift */; };
		9DDD3DC92B72D97D0017BD10 /* DMPill.swift in Sources */ = {isa = PBXBuildFile; fileRef = 9DDD3DC82B72D97D0017BD10 /* DMPill.swift */; };
		9DDD3DCB2B72DC560017BD10 /* Extensions.swift in Sources */ = {isa = PBXBuildFile; fileRef = 9DDD3DCA2B72DC560017BD10 /* Extensions.swift */; };
		9DDD3DCD2B732F050017BD10 /* DMButton.swift in Sources */ = {isa = PBXBuildFile; fileRef = 9DDD3DCC2B732F050017BD10 /* DMButton.swift */; };
		9DF9A3EA2B901BAB00507348 /* DMAudioButton.swift in Sources */ = {isa = PBXBuildFile; fileRef = 9DF9A3E92B901BAB00507348 /* DMAudioButton.swift */; };
/* End PBXBuildFile section */

/* Begin PBXContainerItemProxy section */
		9D96EA882B72A0B100FCD59D /* PBXContainerItemProxy */ = {
			isa = PBXContainerItemProxy;
			containerPortal = 9D96EA692B72A0AF00FCD59D /* Project object */;
			proxyType = 1;
			remoteGlobalIDString = 9D96EA702B72A0AF00FCD59D;
			remoteInfo = DictionMaster;
		};
		9D96EA922B72A0B100FCD59D /* PBXContainerItemProxy */ = {
			isa = PBXContainerItemProxy;
			containerPortal = 9D96EA692B72A0AF00FCD59D /* Project object */;
			proxyType = 1;
			remoteGlobalIDString = 9D96EA702B72A0AF00FCD59D;
			remoteInfo = DictionMaster;
		};
/* End PBXContainerItemProxy section */

/* Begin PBXFileReference section */
		9D16097D2B75AAD00058F47D /* DMAPICacheManager.swift */ = {isa = PBXFileReference; lastKnownFileType = sourcecode.swift; path = DMAPICacheManager.swift; sourceTree = "<group>"; };
		9D194A862B765AA50071A4C5 /* en */ = {isa = PBXFileReference; lastKnownFileType = text.plist.strings; name = en; path = en.lproj/Localizable.strings; sourceTree = "<group>"; };
		9D194A8A2B7661060071A4C5 /* Localized.swift */ = {isa = PBXFileReference; lastKnownFileType = sourcecode.swift; path = Localized.swift; sourceTree = "<group>"; };
		9D194A8C2B7671FB0071A4C5 /* Color.swift */ = {isa = PBXFileReference; lastKnownFileType = sourcecode.swift; path = Color.swift; sourceTree = "<group>"; };
		9D194A8E2B767DC20071A4C5 /* Image.swift */ = {isa = PBXFileReference; lastKnownFileType = sourcecode.swift; path = Image.swift; sourceTree = "<group>"; };
		9D96EA712B72A0AF00FCD59D /* MatheusPinheiroBarbosa.app */ = {isa = PBXFileReference; explicitFileType = wrapper.application; includeInIndex = 0; path = MatheusPinheiroBarbosa.app; sourceTree = BUILT_PRODUCTS_DIR; };
		9D96EA742B72A0AF00FCD59D /* AppDelegate.swift */ = {isa = PBXFileReference; lastKnownFileType = sourcecode.swift; path = AppDelegate.swift; sourceTree = "<group>"; };
		9D96EA762B72A0AF00FCD59D /* SceneDelegate.swift */ = {isa = PBXFileReference; lastKnownFileType = sourcecode.swift; path = SceneDelegate.swift; sourceTree = "<group>"; };
		9D96EA782B72A0AF00FCD59D /* DMSearchViewController.swift */ = {isa = PBXFileReference; lastKnownFileType = sourcecode.swift; path = DMSearchViewController.swift; sourceTree = "<group>"; };
		9D96EA7D2B72A0B100FCD59D /* Assets.xcassets */ = {isa = PBXFileReference; lastKnownFileType = folder.assetcatalog; path = Assets.xcassets; sourceTree = "<group>"; };
		9D96EA802B72A0B100FCD59D /* Base */ = {isa = PBXFileReference; lastKnownFileType = file.storyboard; name = Base; path = Base.lproj/LaunchScreen.storyboard; sourceTree = "<group>"; };
		9D96EA822B72A0B100FCD59D /* Info.plist */ = {isa = PBXFileReference; lastKnownFileType = text.plist.xml; path = Info.plist; sourceTree = "<group>"; };
		9D96EA872B72A0B100FCD59D /* MatheusPinheiroBarbosaTests.xctest */ = {isa = PBXFileReference; explicitFileType = wrapper.cfbundle; includeInIndex = 0; path = MatheusPinheiroBarbosaTests.xctest; sourceTree = BUILT_PRODUCTS_DIR; };
		9D96EA912B72A0B100FCD59D /* MatheusPinheiroBarbosaUITests.xctest */ = {isa = PBXFileReference; explicitFileType = wrapper.cfbundle; includeInIndex = 0; path = MatheusPinheiroBarbosaUITests.xctest; sourceTree = BUILT_PRODUCTS_DIR; };
		9DAC44F52B750E1F003C5A02 /* ErrorNotFoundModel.swift */ = {isa = PBXFileReference; lastKnownFileType = sourcecode.swift; path = ErrorNotFoundModel.swift; sourceTree = "<group>"; };
		9DAC44F72B751905003C5A02 /* WordDefinitionModel.swift */ = {isa = PBXFileReference; lastKnownFileType = sourcecode.swift; path = WordDefinitionModel.swift; sourceTree = "<group>"; };
		9DAC44FA2B751B8C003C5A02 /* DMSearchResultViewController.swift */ = {isa = PBXFileReference; lastKnownFileType = sourcecode.swift; path = DMSearchResultViewController.swift; sourceTree = "<group>"; };
		9DAC44FE2B751BFB003C5A02 /* DMSearchResultView.swift */ = {isa = PBXFileReference; lastKnownFileType = sourcecode.swift; path = DMSearchResultView.swift; sourceTree = "<group>"; };
		9DAC45002B751C16003C5A02 /* DMSearchResultViewModel.swift */ = {isa = PBXFileReference; lastKnownFileType = sourcecode.swift; path = DMSearchResultViewModel.swift; sourceTree = "<group>"; };
		9DD21B502B73C47600924998 /* DMSearchViewModel.swift */ = {isa = PBXFileReference; lastKnownFileType = sourcecode.swift; path = DMSearchViewModel.swift; sourceTree = "<group>"; };
		9DD21B562B73E45200924998 /* DMPurchaseViewController.swift */ = {isa = PBXFileReference; lastKnownFileType = sourcecode.swift; path = DMPurchaseViewController.swift; sourceTree = "<group>"; };
		9DD21B592B73E47E00924998 /* DMPurchaseView.swift */ = {isa = PBXFileReference; lastKnownFileType = sourcecode.swift; path = DMPurchaseView.swift; sourceTree = "<group>"; };
		9DD21B642B743B2D00924998 /* DictionaryModel.swift */ = {isa = PBXFileReference; lastKnownFileType = sourcecode.swift; path = DictionaryModel.swift; sourceTree = "<group>"; };
		9DD21B662B74493E00924998 /* DMRequest.swift */ = {isa = PBXFileReference; lastKnownFileType = sourcecode.swift; path = DMRequest.swift; sourceTree = "<group>"; };
		9DD21B682B74498C00924998 /* DMEndpoint.swift */ = {isa = PBXFileReference; lastKnownFileType = sourcecode.swift; path = DMEndpoint.swift; sourceTree = "<group>"; };
		9DD21B6A2B74508600924998 /* DMService.swift */ = {isa = PBXFileReference; lastKnownFileType = sourcecode.swift; path = DMService.swift; sourceTree = "<group>"; };
		9DD21B6C2B74521A00924998 /* DMServiceManager.swift */ = {isa = PBXFileReference; lastKnownFileType = sourcecode.swift; path = DMServiceManager.swift; sourceTree = "<group>"; };
		9DDC17692B75C7F00006A33D /* DMUserDefaultsManager.swift */ = {isa = PBXFileReference; lastKnownFileType = sourcecode.swift; path = DMUserDefaultsManager.swift; sourceTree = "<group>"; };
		9DDD3DAB2B72BB2F0017BD10 /* SF-Pro-Rounded-Light.otf */ = {isa = PBXFileReference; lastKnownFileType = file; path = "SF-Pro-Rounded-Light.otf"; sourceTree = "<group>"; };
		9DDD3DAC2B72BB2F0017BD10 /* SF-Pro-Rounded-Thin.otf */ = {isa = PBXFileReference; lastKnownFileType = file; path = "SF-Pro-Rounded-Thin.otf"; sourceTree = "<group>"; };
		9DDD3DAD2B72BB2F0017BD10 /* SF-Pro-Rounded-Black.otf */ = {isa = PBXFileReference; lastKnownFileType = file; path = "SF-Pro-Rounded-Black.otf"; sourceTree = "<group>"; };
		9DDD3DAE2B72BB2F0017BD10 /* SF-Pro-Rounded-Medium.otf */ = {isa = PBXFileReference; lastKnownFileType = file; path = "SF-Pro-Rounded-Medium.otf"; sourceTree = "<group>"; };
		9DDD3DAF2B72BB2F0017BD10 /* SF-Pro-Rounded-Ultralight.otf */ = {isa = PBXFileReference; lastKnownFileType = file; path = "SF-Pro-Rounded-Ultralight.otf"; sourceTree = "<group>"; };
		9DDD3DB02B72BB2F0017BD10 /* SF-Pro-Rounded-Bold.otf */ = {isa = PBXFileReference; lastKnownFileType = file; path = "SF-Pro-Rounded-Bold.otf"; sourceTree = "<group>"; };
		9DDD3DB12B72BB2F0017BD10 /* SF-Pro-Rounded-Semibold.otf */ = {isa = PBXFileReference; lastKnownFileType = file; path = "SF-Pro-Rounded-Semibold.otf"; sourceTree = "<group>"; };
		9DDD3DB22B72BB2F0017BD10 /* SF-Pro-Rounded-Heavy.otf */ = {isa = PBXFileReference; lastKnownFileType = file; path = "SF-Pro-Rounded-Heavy.otf"; sourceTree = "<group>"; };
		9DDD3DB32B72BB2F0017BD10 /* SF-Pro-Rounded-Regular.otf */ = {isa = PBXFileReference; lastKnownFileType = file; path = "SF-Pro-Rounded-Regular.otf"; sourceTree = "<group>"; };
		9DDD3DC42B72D4080017BD10 /* DMSearchView.swift */ = {isa = PBXFileReference; lastKnownFileType = sourcecode.swift; path = DMSearchView.swift; sourceTree = "<group>"; };
		9DDD3DC82B72D97D0017BD10 /* DMPill.swift */ = {isa = PBXFileReference; lastKnownFileType = sourcecode.swift; path = DMPill.swift; sourceTree = "<group>"; };
		9DDD3DCA2B72DC560017BD10 /* Extensions.swift */ = {isa = PBXFileReference; lastKnownFileType = sourcecode.swift; path = Extensions.swift; sourceTree = "<group>"; };
		9DDD3DCC2B732F050017BD10 /* DMButton.swift */ = {isa = PBXFileReference; lastKnownFileType = sourcecode.swift; path = DMButton.swift; sourceTree = "<group>"; };
		9DF9A3E92B901BAB00507348 /* DMAudioButton.swift */ = {isa = PBXFileReference; lastKnownFileType = sourcecode.swift; path = DMAudioButton.swift; sourceTree = "<group>"; };
/* End PBXFileReference section */

/* Begin PBXFrameworksBuildPhase section */
		9D96EA6E2B72A0AF00FCD59D /* Frameworks */ = {
			isa = PBXFrameworksBuildPhase;
			buildActionMask = 2147483647;
			files = (
			);
			runOnlyForDeploymentPostprocessing = 0;
		};
		9D96EA842B72A0B100FCD59D /* Frameworks */ = {
			isa = PBXFrameworksBuildPhase;
			buildActionMask = 2147483647;
			files = (
			);
			runOnlyForDeploymentPostprocessing = 0;
		};
		9D96EA8E2B72A0B100FCD59D /* Frameworks */ = {
			isa = PBXFrameworksBuildPhase;
			buildActionMask = 2147483647;
			files = (
			);
			runOnlyForDeploymentPostprocessing = 0;
		};
/* End PBXFrameworksBuildPhase section */

/* Begin PBXGroup section */
		9D194A802B7658180071A4C5 /* Localization */ = {
			isa = PBXGroup;
			children = (
				9D194A872B765AA50071A4C5 /* Localizable.strings */,
			);
			path = Localization;
			sourceTree = "<group>";
		};
		9D194A882B7660920071A4C5 /* LauchScreen */ = {
			isa = PBXGroup;
			children = (
				9D96EA7F2B72A0B100FCD59D /* LaunchScreen.storyboard */,
			);
			path = LauchScreen;
			sourceTree = "<group>";
		};
		9D194A892B7660B70071A4C5 /* Utils */ = {
			isa = PBXGroup;
			children = (
				9DDD3DCA2B72DC560017BD10 /* Extensions.swift */,
				9D194A8A2B7661060071A4C5 /* Localized.swift */,
				9D194A8C2B7671FB0071A4C5 /* Color.swift */,
				9D194A8E2B767DC20071A4C5 /* Image.swift */,
			);
			path = Utils;
			sourceTree = "<group>";
		};
		9D96EA682B72A0AF00FCD59D = {
			isa = PBXGroup;
			children = (
				9D96EA732B72A0AF00FCD59D /* DictionMaster */,
				9D96EA722B72A0AF00FCD59D /* Products */,
			);
			sourceTree = "<group>";
		};
		9D96EA722B72A0AF00FCD59D /* Products */ = {
			isa = PBXGroup;
			children = (
				9D96EA712B72A0AF00FCD59D /* MatheusPinheiroBarbosa.app */,
				9D96EA872B72A0B100FCD59D /* MatheusPinheiroBarbosaTests.xctest */,
				9D96EA912B72A0B100FCD59D /* MatheusPinheiroBarbosaUITests.xctest */,
			);
			name = Products;
			sourceTree = "<group>";
		};
		9D96EA732B72A0AF00FCD59D /* DictionMaster */ = {
			isa = PBXGroup;
			children = (
				9D96EA822B72A0B100FCD59D /* Info.plist */,
				9D194A892B7660B70071A4C5 /* Utils */,
				9DDD3DBD2B72C8980017BD10 /* Resources */,
				9DD21B6E2B747BD200924998 /* Managers */,
				9DDD3DBE2B72CAA30017BD10 /* APIClient */,
				9DDD3DC32B72CAE90017BD10 /* Controllers */,
				9DDD3DC02B72CAC80017BD10 /* Views */,
				9DDD3DBF2B72CAB60017BD10 /* ViewModels */,
				9DDD3DC22B72CAE30017BD10 /* Models */,
				9DDD3DC62B72D9370017BD10 /* Components */,
			);
			path = DictionMaster;
			sourceTree = "<group>";
		};
		9DAC44F92B751B76003C5A02 /* SearchResult */ = {
			isa = PBXGroup;
			children = (
				9DAC44FA2B751B8C003C5A02 /* DMSearchResultViewController.swift */,
			);
			path = SearchResult;
			sourceTree = "<group>";
		};
		9DAC44FC2B751BD3003C5A02 /* SearchResult */ = {
			isa = PBXGroup;
			children = (
				9DAC44FE2B751BFB003C5A02 /* DMSearchResultView.swift */,
			);
			path = SearchResult;
			sourceTree = "<group>";
		};
		9DAC44FD2B751BE2003C5A02 /* SearchResult */ = {
			isa = PBXGroup;
			children = (
				9DAC45002B751C16003C5A02 /* DMSearchResultViewModel.swift */,
			);
			path = SearchResult;
			sourceTree = "<group>";
		};
		9DD21B522B73E3D900924998 /* Search */ = {
			isa = PBXGroup;
			children = (
				9DDD3DC42B72D4080017BD10 /* DMSearchView.swift */,
			);
			path = Search;
			sourceTree = "<group>";
		};
		9DD21B532B73E3EA00924998 /* Search */ = {
			isa = PBXGroup;
			children = (
				9DD21B502B73C47600924998 /* DMSearchViewModel.swift */,
			);
			path = Search;
			sourceTree = "<group>";
		};
		9DD21B542B73E40400924998 /* Search */ = {
			isa = PBXGroup;
			children = (
				9D96EA782B72A0AF00FCD59D /* DMSearchViewController.swift */,
			);
			path = Search;
			sourceTree = "<group>";
		};
		9DD21B552B73E43100924998 /* Purchase */ = {
			isa = PBXGroup;
			children = (
				9DD21B562B73E45200924998 /* DMPurchaseViewController.swift */,
			);
			path = Purchase;
			sourceTree = "<group>";
		};
		9DD21B582B73E45900924998 /* Purchase */ = {
			isa = PBXGroup;
			children = (
				9DD21B592B73E47E00924998 /* DMPurchaseView.swift */,
			);
			path = Purchase;
			sourceTree = "<group>";
		};
		9DD21B6E2B747BD200924998 /* Managers */ = {
			isa = PBXGroup;
			children = (
				9DD21B6C2B74521A00924998 /* DMServiceManager.swift */,
				9D16097D2B75AAD00058F47D /* DMAPICacheManager.swift */,
				9DDC17692B75C7F00006A33D /* DMUserDefaultsManager.swift */,
			);
			path = Managers;
			sourceTree = "<group>";
		};
		9DDD3DAA2B72BAD70017BD10 /* Fonts */ = {
			isa = PBXGroup;
			children = (
				9DDD3DAD2B72BB2F0017BD10 /* SF-Pro-Rounded-Black.otf */,
				9DDD3DB02B72BB2F0017BD10 /* SF-Pro-Rounded-Bold.otf */,
				9DDD3DB22B72BB2F0017BD10 /* SF-Pro-Rounded-Heavy.otf */,
				9DDD3DAB2B72BB2F0017BD10 /* SF-Pro-Rounded-Light.otf */,
				9DDD3DAE2B72BB2F0017BD10 /* SF-Pro-Rounded-Medium.otf */,
				9DDD3DB32B72BB2F0017BD10 /* SF-Pro-Rounded-Regular.otf */,
				9DDD3DB12B72BB2F0017BD10 /* SF-Pro-Rounded-Semibold.otf */,
				9DDD3DAC2B72BB2F0017BD10 /* SF-Pro-Rounded-Thin.otf */,
				9DDD3DAF2B72BB2F0017BD10 /* SF-Pro-Rounded-Ultralight.otf */,
			);
			path = Fonts;
			sourceTree = "<group>";
		};
		9DDD3DBD2B72C8980017BD10 /* Resources */ = {
			isa = PBXGroup;
			children = (
				9D194A802B7658180071A4C5 /* Localization */,
				9DDD3DAA2B72BAD70017BD10 /* Fonts */,
				9D96EA7D2B72A0B100FCD59D /* Assets.xcassets */,
				9D96EA742B72A0AF00FCD59D /* AppDelegate.swift */,
				9D96EA762B72A0AF00FCD59D /* SceneDelegate.swift */,
			);
			path = Resources;
			sourceTree = "<group>";
		};
		9DDD3DBE2B72CAA30017BD10 /* APIClient */ = {
			isa = PBXGroup;
			children = (
				9DD21B662B74493E00924998 /* DMRequest.swift */,
				9DD21B682B74498C00924998 /* DMEndpoint.swift */,
				9DD21B6A2B74508600924998 /* DMService.swift */,
			);
			path = APIClient;
			sourceTree = "<group>";
		};
		9DDD3DBF2B72CAB60017BD10 /* ViewModels */ = {
			isa = PBXGroup;
			children = (
				9DD21B532B73E3EA00924998 /* Search */,
				9DAC44FD2B751BE2003C5A02 /* SearchResult */,
			);
			path = ViewModels;
			sourceTree = "<group>";
		};
		9DDD3DC02B72CAC80017BD10 /* Views */ = {
			isa = PBXGroup;
			children = (
				9D194A882B7660920071A4C5 /* LauchScreen */,
				9DD21B522B73E3D900924998 /* Search */,
				9DAC44FC2B751BD3003C5A02 /* SearchResult */,
				9DD21B582B73E45900924998 /* Purchase */,
			);
			path = Views;
			sourceTree = "<group>";
		};
		9DDD3DC22B72CAE30017BD10 /* Models */ = {
			isa = PBXGroup;
			children = (
				9DD21B642B743B2D00924998 /* DictionaryModel.swift */,
				9DAC44F52B750E1F003C5A02 /* ErrorNotFoundModel.swift */,
				9DAC44F72B751905003C5A02 /* WordDefinitionModel.swift */,
			);
			path = Models;
			sourceTree = "<group>";
		};
		9DDD3DC32B72CAE90017BD10 /* Controllers */ = {
			isa = PBXGroup;
			children = (
				9DD21B542B73E40400924998 /* Search */,
				9DAC44F92B751B76003C5A02 /* SearchResult */,
				9DD21B552B73E43100924998 /* Purchase */,
			);
			path = Controllers;
			sourceTree = "<group>";
		};
		9DDD3DC62B72D9370017BD10 /* Components */ = {
			isa = PBXGroup;
			children = (
				9DDD3DC72B72D9690017BD10 /* Views */,
			);
			path = Components;
			sourceTree = "<group>";
		};
		9DDD3DC72B72D9690017BD10 /* Views */ = {
			isa = PBXGroup;
			children = (
				9DDD3DC82B72D97D0017BD10 /* DMPill.swift */,
				9DDD3DCC2B732F050017BD10 /* DMButton.swift */,
				9DF9A3E92B901BAB00507348 /* DMAudioButton.swift */,
			);
			path = Views;
			sourceTree = "<group>";
		};
/* End PBXGroup section */

/* Begin PBXNativeTarget section */
		9D96EA702B72A0AF00FCD59D /* MatheusPinheiroBarbosa */ = {
			isa = PBXNativeTarget;
			buildConfigurationList = 9D96EA9B2B72A0B100FCD59D /* Build configuration list for PBXNativeTarget "MatheusPinheiroBarbosa" */;
			buildPhases = (
				9D96EA6D2B72A0AF00FCD59D /* Sources */,
				9D96EA6E2B72A0AF00FCD59D /* Frameworks */,
				9D96EA6F2B72A0AF00FCD59D /* Resources */,
			);
			buildRules = (
			);
			dependencies = (
			);
			name = MatheusPinheiroBarbosa;
			productName = DictionMaster;
			productReference = 9D96EA712B72A0AF00FCD59D /* MatheusPinheiroBarbosa.app */;
			productType = "com.apple.product-type.application";
		};
		9D96EA862B72A0B100FCD59D /* MatheusPinheiroBarbosaTests */ = {
			isa = PBXNativeTarget;
			buildConfigurationList = 9D96EA9E2B72A0B100FCD59D /* Build configuration list for PBXNativeTarget "MatheusPinheiroBarbosaTests" */;
			buildPhases = (
				9D96EA832B72A0B100FCD59D /* Sources */,
				9D96EA842B72A0B100FCD59D /* Frameworks */,
				9D96EA852B72A0B100FCD59D /* Resources */,
			);
			buildRules = (
			);
			dependencies = (
				9D96EA892B72A0B100FCD59D /* PBXTargetDependency */,
			);
			name = MatheusPinheiroBarbosaTests;
			productName = DictionMasterTests;
			productReference = 9D96EA872B72A0B100FCD59D /* MatheusPinheiroBarbosaTests.xctest */;
			productType = "com.apple.product-type.bundle.unit-test";
		};
		9D96EA902B72A0B100FCD59D /* MatheusPinheiroBarbosaUITests */ = {
			isa = PBXNativeTarget;
			buildConfigurationList = 9D96EAA12B72A0B100FCD59D /* Build configuration list for PBXNativeTarget "MatheusPinheiroBarbosaUITests" */;
			buildPhases = (
				9D96EA8D2B72A0B100FCD59D /* Sources */,
				9D96EA8E2B72A0B100FCD59D /* Frameworks */,
				9D96EA8F2B72A0B100FCD59D /* Resources */,
			);
			buildRules = (
			);
			dependencies = (
				9D96EA932B72A0B100FCD59D /* PBXTargetDependency */,
			);
			name = MatheusPinheiroBarbosaUITests;
			productName = DictionMasterUITests;
			productReference = 9D96EA912B72A0B100FCD59D /* MatheusPinheiroBarbosaUITests.xctest */;
			productType = "com.apple.product-type.bundle.ui-testing";
		};
/* End PBXNativeTarget section */

/* Begin PBXProject section */
		9D96EA692B72A0AF00FCD59D /* Project object */ = {
			isa = PBXProject;
			attributes = {
				BuildIndependentTargetsInParallel = 1;
				LastSwiftUpdateCheck = 1520;
				LastUpgradeCheck = 1520;
				TargetAttributes = {
					9D96EA702B72A0AF00FCD59D = {
						CreatedOnToolsVersion = 15.2;
					};
					9D96EA862B72A0B100FCD59D = {
						CreatedOnToolsVersion = 15.2;
						TestTargetID = 9D96EA702B72A0AF00FCD59D;
					};
					9D96EA902B72A0B100FCD59D = {
						CreatedOnToolsVersion = 15.2;
						TestTargetID = 9D96EA702B72A0AF00FCD59D;
					};
				};
			};
			buildConfigurationList = 9D96EA6C2B72A0AF00FCD59D /* Build configuration list for PBXProject "MatheusPinheiroBarbosa" */;
			compatibilityVersion = "Xcode 14.0";
			developmentRegion = en;
			hasScannedForEncodings = 0;
			knownRegions = (
				en,
				Base,
			);
			mainGroup = 9D96EA682B72A0AF00FCD59D;
			productRefGroup = 9D96EA722B72A0AF00FCD59D /* Products */;
			projectDirPath = "";
			projectRoot = "";
			targets = (
				9D96EA702B72A0AF00FCD59D /* MatheusPinheiroBarbosa */,
				9D96EA862B72A0B100FCD59D /* MatheusPinheiroBarbosaTests */,
				9D96EA902B72A0B100FCD59D /* MatheusPinheiroBarbosaUITests */,
			);
		};
/* End PBXProject section */

/* Begin PBXResourcesBuildPhase section */
		9D96EA6F2B72A0AF00FCD59D /* Resources */ = {
			isa = PBXResourcesBuildPhase;
			buildActionMask = 2147483647;
			files = (
				9D96EA812B72A0B100FCD59D /* LaunchScreen.storyboard in Resources */,
				9D194A852B765AA50071A4C5 /* Localizable.strings in Resources */,
				9DDD3DB72B72BB2F0017BD10 /* SF-Pro-Rounded-Medium.otf in Resources */,
				9DDD3DB42B72BB2F0017BD10 /* SF-Pro-Rounded-Light.otf in Resources */,
				9DDD3DB62B72BB2F0017BD10 /* SF-Pro-Rounded-Black.otf in Resources */,
				9D96EA7E2B72A0B100FCD59D /* Assets.xcassets in Resources */,
				9DDD3DBC2B72BB2F0017BD10 /* SF-Pro-Rounded-Regular.otf in Resources */,
				9DDD3DB52B72BB2F0017BD10 /* SF-Pro-Rounded-Thin.otf in Resources */,
				9DDD3DB92B72BB2F0017BD10 /* SF-Pro-Rounded-Bold.otf in Resources */,
				9DDD3DB82B72BB2F0017BD10 /* SF-Pro-Rounded-Ultralight.otf in Resources */,
				9DDD3DBB2B72BB2F0017BD10 /* SF-Pro-Rounded-Heavy.otf in Resources */,
				9DDD3DBA2B72BB2F0017BD10 /* SF-Pro-Rounded-Semibold.otf in Resources */,
			);
			runOnlyForDeploymentPostprocessing = 0;
		};
		9D96EA852B72A0B100FCD59D /* Resources */ = {
			isa = PBXResourcesBuildPhase;
			buildActionMask = 2147483647;
			files = (
			);
			runOnlyForDeploymentPostprocessing = 0;
		};
		9D96EA8F2B72A0B100FCD59D /* Resources */ = {
			isa = PBXResourcesBuildPhase;
			buildActionMask = 2147483647;
			files = (
			);
			runOnlyForDeploymentPostprocessing = 0;
		};
/* End PBXResourcesBuildPhase section */

/* Begin PBXSourcesBuildPhase section */
		9D96EA6D2B72A0AF00FCD59D /* Sources */ = {
			isa = PBXSourcesBuildPhase;
			buildActionMask = 2147483647;
			files = (
				9D96EA792B72A0AF00FCD59D /* DMSearchViewController.swift in Sources */,
				9D194A8B2B7661060071A4C5 /* Localized.swift in Sources */,
				9DDC176A2B75C7F00006A33D /* DMUserDefaultsManager.swift in Sources */,
				9DD21B672B74493E00924998 /* DMRequest.swift in Sources */,
				9DDD3DCB2B72DC560017BD10 /* Extensions.swift in Sources */,
				9D96EA752B72A0AF00FCD59D /* AppDelegate.swift in Sources */,
				9DD21B692B74498C00924998 /* DMEndpoint.swift in Sources */,
				9DAC44F62B750E1F003C5A02 /* ErrorNotFoundModel.swift in Sources */,
				9DAC45012B751C16003C5A02 /* DMSearchResultViewModel.swift in Sources */,
				9DD21B652B743B2D00924998 /* DictionaryModel.swift in Sources */,
				9D96EA772B72A0AF00FCD59D /* SceneDelegate.swift in Sources */,
				9DAC44FF2B751BFB003C5A02 /* DMSearchResultView.swift in Sources */,
				9DD21B6D2B74521A00924998 /* DMServiceManager.swift in Sources */,
				9DD21B6B2B74508600924998 /* DMService.swift in Sources */,
				9DD21B572B73E45200924998 /* DMPurchaseViewController.swift in Sources */,
				9DDD3DC92B72D97D0017BD10 /* DMPill.swift in Sources */,
				9DD21B5A2B73E47E00924998 /* DMPurchaseView.swift in Sources */,
				9D194A8D2B7671FB0071A4C5 /* Color.swift in Sources */,
				9D194A8F2B767DC20071A4C5 /* Image.swift in Sources */,
				9DAC44F82B751905003C5A02 /* WordDefinitionModel.swift in Sources */,
				9DD21B512B73C47600924998 /* DMSearchViewModel.swift in Sources */,
				9D16097E2B75AAD00058F47D /* DMAPICacheManager.swift in Sources */,
				9DDD3DC52B72D4080017BD10 /* DMSearchView.swift in Sources */,
				9DAC44FB2B751B8C003C5A02 /* DMSearchResultViewController.swift in Sources */,
				9DDD3DCD2B732F050017BD10 /* DMButton.swift in Sources */,
				9DF9A3EA2B901BAB00507348 /* DMAudioButton.swift in Sources */,
			);
			runOnlyForDeploymentPostprocessing = 0;
		};
		9D96EA832B72A0B100FCD59D /* Sources */ = {
			isa = PBXSourcesBuildPhase;
			buildActionMask = 2147483647;
			files = (
			);
			runOnlyForDeploymentPostprocessing = 0;
		};
		9D96EA8D2B72A0B100FCD59D /* Sources */ = {
			isa = PBXSourcesBuildPhase;
			buildActionMask = 2147483647;
			files = (
			);
			runOnlyForDeploymentPostprocessing = 0;
		};
/* End PBXSourcesBuildPhase section */

/* Begin PBXTargetDependency section */
		9D96EA892B72A0B100FCD59D /* PBXTargetDependency */ = {
			isa = PBXTargetDependency;
			target = 9D96EA702B72A0AF00FCD59D /* MatheusPinheiroBarbosa */;
			targetProxy = 9D96EA882B72A0B100FCD59D /* PBXContainerItemProxy */;
		};
		9D96EA932B72A0B100FCD59D /* PBXTargetDependency */ = {
			isa = PBXTargetDependency;
			target = 9D96EA702B72A0AF00FCD59D /* MatheusPinheiroBarbosa */;
			targetProxy = 9D96EA922B72A0B100FCD59D /* PBXContainerItemProxy */;
		};
/* End PBXTargetDependency section */

/* Begin PBXVariantGroup section */
		9D194A872B765AA50071A4C5 /* Localizable.strings */ = {
			isa = PBXVariantGroup;
			children = (
				9D194A862B765AA50071A4C5 /* en */,
			);
			name = Localizable.strings;
			sourceTree = "<group>";
		};
		9D96EA7F2B72A0B100FCD59D /* LaunchScreen.storyboard */ = {
			isa = PBXVariantGroup;
			children = (
				9D96EA802B72A0B100FCD59D /* Base */,
			);
			name = LaunchScreen.storyboard;
			sourceTree = "<group>";
		};
/* End PBXVariantGroup section */

/* Begin XCBuildConfiguration section */
		9D96EA992B72A0B100FCD59D /* Debug */ = {
			isa = XCBuildConfiguration;
			buildSettings = {
				ALWAYS_SEARCH_USER_PATHS = NO;
				ASSETCATALOG_COMPILER_GENERATE_SWIFT_ASSET_SYMBOL_EXTENSIONS = YES;
				CLANG_ANALYZER_NONNULL = YES;
				CLANG_ANALYZER_NUMBER_OBJECT_CONVERSION = YES_AGGRESSIVE;
				CLANG_CXX_LANGUAGE_STANDARD = "gnu++20";
				CLANG_ENABLE_MODULES = YES;
				CLANG_ENABLE_OBJC_ARC = YES;
				CLANG_ENABLE_OBJC_WEAK = YES;
				CLANG_WARN_BLOCK_CAPTURE_AUTORELEASING = YES;
				CLANG_WARN_BOOL_CONVERSION = YES;
				CLANG_WARN_COMMA = YES;
				CLANG_WARN_CONSTANT_CONVERSION = YES;
				CLANG_WARN_DEPRECATED_OBJC_IMPLEMENTATIONS = YES;
				CLANG_WARN_DIRECT_OBJC_ISA_USAGE = YES_ERROR;
				CLANG_WARN_DOCUMENTATION_COMMENTS = YES;
				CLANG_WARN_EMPTY_BODY = YES;
				CLANG_WARN_ENUM_CONVERSION = YES;
				CLANG_WARN_INFINITE_RECURSION = YES;
				CLANG_WARN_INT_CONVERSION = YES;
				CLANG_WARN_NON_LITERAL_NULL_CONVERSION = YES;
				CLANG_WARN_OBJC_IMPLICIT_RETAIN_SELF = YES;
				CLANG_WARN_OBJC_LITERAL_CONVERSION = YES;
				CLANG_WARN_OBJC_ROOT_CLASS = YES_ERROR;
				CLANG_WARN_QUOTED_INCLUDE_IN_FRAMEWORK_HEADER = YES;
				CLANG_WARN_RANGE_LOOP_ANALYSIS = YES;
				CLANG_WARN_STRICT_PROTOTYPES = YES;
				CLANG_WARN_SUSPICIOUS_MOVE = YES;
				CLANG_WARN_UNGUARDED_AVAILABILITY = YES_AGGRESSIVE;
				CLANG_WARN_UNREACHABLE_CODE = YES;
				CLANG_WARN__DUPLICATE_METHOD_MATCH = YES;
				COPY_PHASE_STRIP = NO;
				DEBUG_INFORMATION_FORMAT = dwarf;
				ENABLE_STRICT_OBJC_MSGSEND = YES;
				ENABLE_TESTABILITY = YES;
				ENABLE_USER_SCRIPT_SANDBOXING = YES;
				GCC_C_LANGUAGE_STANDARD = gnu17;
				GCC_DYNAMIC_NO_PIC = NO;
				GCC_NO_COMMON_BLOCKS = YES;
				GCC_OPTIMIZATION_LEVEL = 0;
				GCC_PREPROCESSOR_DEFINITIONS = (
					"DEBUG=1",
					"$(inherited)",
				);
				GCC_WARN_64_TO_32_BIT_CONVERSION = YES;
				GCC_WARN_ABOUT_RETURN_TYPE = YES_ERROR;
				GCC_WARN_UNDECLARED_SELECTOR = YES;
				GCC_WARN_UNINITIALIZED_AUTOS = YES_AGGRESSIVE;
				GCC_WARN_UNUSED_FUNCTION = YES;
				GCC_WARN_UNUSED_VARIABLE = YES;
				IPHONEOS_DEPLOYMENT_TARGET = 17.4;
				LOCALIZATION_PREFERS_STRING_CATALOGS = YES;
				MTL_ENABLE_DEBUG_INFO = INCLUDE_SOURCE;
				MTL_FAST_MATH = YES;
				ONLY_ACTIVE_ARCH = YES;
				SDKROOT = iphoneos;
				SWIFT_ACTIVE_COMPILATION_CONDITIONS = "DEBUG $(inherited)";
				SWIFT_OPTIMIZATION_LEVEL = "-Onone";
			};
			name = Debug;
		};
		9D96EA9A2B72A0B100FCD59D /* Release */ = {
			isa = XCBuildConfiguration;
			buildSettings = {
				ALWAYS_SEARCH_USER_PATHS = NO;
				ASSETCATALOG_COMPILER_GENERATE_SWIFT_ASSET_SYMBOL_EXTENSIONS = YES;
				CLANG_ANALYZER_NONNULL = YES;
				CLANG_ANALYZER_NUMBER_OBJECT_CONVERSION = YES_AGGRESSIVE;
				CLANG_CXX_LANGUAGE_STANDARD = "gnu++20";
				CLANG_ENABLE_MODULES = YES;
				CLANG_ENABLE_OBJC_ARC = YES;
				CLANG_ENABLE_OBJC_WEAK = YES;
				CLANG_WARN_BLOCK_CAPTURE_AUTORELEASING = YES;
				CLANG_WARN_BOOL_CONVERSION = YES;
				CLANG_WARN_COMMA = YES;
				CLANG_WARN_CONSTANT_CONVERSION = YES;
				CLANG_WARN_DEPRECATED_OBJC_IMPLEMENTATIONS = YES;
				CLANG_WARN_DIRECT_OBJC_ISA_USAGE = YES_ERROR;
				CLANG_WARN_DOCUMENTATION_COMMENTS = YES;
				CLANG_WARN_EMPTY_BODY = YES;
				CLANG_WARN_ENUM_CONVERSION = YES;
				CLANG_WARN_INFINITE_RECURSION = YES;
				CLANG_WARN_INT_CONVERSION = YES;
				CLANG_WARN_NON_LITERAL_NULL_CONVERSION = YES;
				CLANG_WARN_OBJC_IMPLICIT_RETAIN_SELF = YES;
				CLANG_WARN_OBJC_LITERAL_CONVERSION = YES;
				CLANG_WARN_OBJC_ROOT_CLASS = YES_ERROR;
				CLANG_WARN_QUOTED_INCLUDE_IN_FRAMEWORK_HEADER = YES;
				CLANG_WARN_RANGE_LOOP_ANALYSIS = YES;
				CLANG_WARN_STRICT_PROTOTYPES = YES;
				CLANG_WARN_SUSPICIOUS_MOVE = YES;
				CLANG_WARN_UNGUARDED_AVAILABILITY = YES_AGGRESSIVE;
				CLANG_WARN_UNREACHABLE_CODE = YES;
				CLANG_WARN__DUPLICATE_METHOD_MATCH = YES;
				COPY_PHASE_STRIP = NO;
				DEBUG_INFORMATION_FORMAT = "dwarf-with-dsym";
				ENABLE_NS_ASSERTIONS = NO;
				ENABLE_STRICT_OBJC_MSGSEND = YES;
				ENABLE_USER_SCRIPT_SANDBOXING = YES;
				GCC_C_LANGUAGE_STANDARD = gnu17;
				GCC_NO_COMMON_BLOCKS = YES;
				GCC_WARN_64_TO_32_BIT_CONVERSION = YES;
				GCC_WARN_ABOUT_RETURN_TYPE = YES_ERROR;
				GCC_WARN_UNDECLARED_SELECTOR = YES;
				GCC_WARN_UNINITIALIZED_AUTOS = YES_AGGRESSIVE;
				GCC_WARN_UNUSED_FUNCTION = YES;
				GCC_WARN_UNUSED_VARIABLE = YES;
				IPHONEOS_DEPLOYMENT_TARGET = 17.4;
				LOCALIZATION_PREFERS_STRING_CATALOGS = YES;
				MTL_ENABLE_DEBUG_INFO = NO;
				MTL_FAST_MATH = YES;
				SDKROOT = iphoneos;
				SWIFT_COMPILATION_MODE = wholemodule;
				VALIDATE_PRODUCT = YES;
			};
			name = Release;
		};
		9D96EA9C2B72A0B100FCD59D /* Debug */ = {
			isa = XCBuildConfiguration;
			buildSettings = {
				ASSETCATALOG_COMPILER_APPICON_NAME = AppIcon;
				ASSETCATALOG_COMPILER_GLOBAL_ACCENT_COLOR_NAME = AccentColor;
				CODE_SIGN_STYLE = Automatic;
				CURRENT_PROJECT_VERSION = 1;
				DEVELOPMENT_TEAM = 4T4GCN29K7;
				GENERATE_INFOPLIST_FILE = YES;
				INFOPLIST_FILE = DictionMaster/Info.plist;
				INFOPLIST_KEY_CFBundleDisplayName = MatheusPinheiroBarbosa;
				INFOPLIST_KEY_LSApplicationCategoryType = "public.app-category.education";
				INFOPLIST_KEY_UIApplicationSupportsIndirectInputEvents = YES;
				INFOPLIST_KEY_UILaunchStoryboardName = LaunchScreen;
				INFOPLIST_KEY_UIStatusBarStyle = "";
				INFOPLIST_KEY_UISupportedInterfaceOrientations_iPad = "UIInterfaceOrientationPortrait UIInterfaceOrientationPortraitUpsideDown UIInterfaceOrientationLandscapeLeft UIInterfaceOrientationLandscapeRight";
				INFOPLIST_KEY_UISupportedInterfaceOrientations_iPhone = "UIInterfaceOrientationPortrait UIInterfaceOrientationLandscapeLeft UIInterfaceOrientationLandscapeRight";
				IPHONEOS_DEPLOYMENT_TARGET = 15.0;
				LD_RUNPATH_SEARCH_PATHS = (
					"$(inherited)",
					"@executable_path/Frameworks",
				);
				MARKETING_VERSION = 1.0;
				PRODUCT_BUNDLE_IDENTIFIER = com.pinheiro.DictionMaster;
				PRODUCT_NAME = "$(TARGET_NAME)";
				SWIFT_EMIT_LOC_STRINGS = YES;
				SWIFT_VERSION = 5.0;
				TARGETED_DEVICE_FAMILY = "1,2";
			};
			name = Debug;
		};
		9D96EA9D2B72A0B100FCD59D /* Release */ = {
			isa = XCBuildConfiguration;
			buildSettings = {
				ASSETCATALOG_COMPILER_APPICON_NAME = AppIcon;
				ASSETCATALOG_COMPILER_GLOBAL_ACCENT_COLOR_NAME = AccentColor;
				CODE_SIGN_STYLE = Automatic;
				CURRENT_PROJECT_VERSION = 1;
				DEVELOPMENT_TEAM = 4T4GCN29K7;
				GENERATE_INFOPLIST_FILE = YES;
				INFOPLIST_FILE = DictionMaster/Info.plist;
				INFOPLIST_KEY_CFBundleDisplayName = MatheusPinheiroBarbosa;
				INFOPLIST_KEY_LSApplicationCategoryType = "public.app-category.education";
				INFOPLIST_KEY_UIApplicationSupportsIndirectInputEvents = YES;
				INFOPLIST_KEY_UILaunchStoryboardName = LaunchScreen;
				INFOPLIST_KEY_UIStatusBarStyle = "";
				INFOPLIST_KEY_UISupportedInterfaceOrientations_iPad = "UIInterfaceOrientationPortrait UIInterfaceOrientationPortraitUpsideDown UIInterfaceOrientationLandscapeLeft UIInterfaceOrientationLandscapeRight";
				INFOPLIST_KEY_UISupportedInterfaceOrientations_iPhone = "UIInterfaceOrientationPortrait UIInterfaceOrientationLandscapeLeft UIInterfaceOrientationLandscapeRight";
				IPHONEOS_DEPLOYMENT_TARGET = 15.0;
				LD_RUNPATH_SEARCH_PATHS = (
					"$(inherited)",
					"@executable_path/Frameworks",
				);
				MARKETING_VERSION = 1.0;
				PRODUCT_BUNDLE_IDENTIFIER = com.pinheiro.DictionMaster;
				PRODUCT_NAME = "$(TARGET_NAME)";
				SWIFT_EMIT_LOC_STRINGS = YES;
				SWIFT_VERSION = 5.0;
				TARGETED_DEVICE_FAMILY = "1,2";
			};
			name = Release;
		};
		9D96EA9F2B72A0B100FCD59D /* Debug */ = {
			isa = XCBuildConfiguration;
			buildSettings = {
				ALWAYS_EMBED_SWIFT_STANDARD_LIBRARIES = YES;
				BUNDLE_LOADER = "$(TEST_HOST)";
				CODE_SIGN_STYLE = Automatic;
				CURRENT_PROJECT_VERSION = 1;
				DEVELOPMENT_TEAM = 4T4GCN29K7;
				GENERATE_INFOPLIST_FILE = YES;
				IPHONEOS_DEPLOYMENT_TARGET = 17.2;
				MARKETING_VERSION = 1.0;
				PRODUCT_BUNDLE_IDENTIFIER = com.pinheiro.DictionMasterTests;
				PRODUCT_NAME = "$(TARGET_NAME)";
				SWIFT_EMIT_LOC_STRINGS = NO;
				SWIFT_VERSION = 5.0;
				TARGETED_DEVICE_FAMILY = "1,2";
				TEST_HOST = "$(BUILT_PRODUCTS_DIR)/MatheusPinheiroBarbosa.app/$(BUNDLE_EXECUTABLE_FOLDER_PATH)/MatheusPinheiroBarbosa";
			};
			name = Debug;
		};
		9D96EAA02B72A0B100FCD59D /* Release */ = {
			isa = XCBuildConfiguration;
			buildSettings = {
				ALWAYS_EMBED_SWIFT_STANDARD_LIBRARIES = YES;
				BUNDLE_LOADER = "$(TEST_HOST)";
				CODE_SIGN_STYLE = Automatic;
				CURRENT_PROJECT_VERSION = 1;
				DEVELOPMENT_TEAM = 4T4GCN29K7;
				GENERATE_INFOPLIST_FILE = YES;
				IPHONEOS_DEPLOYMENT_TARGET = 17.2;
				MARKETING_VERSION = 1.0;
				PRODUCT_BUNDLE_IDENTIFIER = com.pinheiro.DictionMasterTests;
				PRODUCT_NAME = "$(TARGET_NAME)";
				SWIFT_EMIT_LOC_STRINGS = NO;
				SWIFT_VERSION = 5.0;
				TARGETED_DEVICE_FAMILY = "1,2";
				TEST_HOST = "$(BUILT_PRODUCTS_DIR)/MatheusPinheiroBarbosa.app/$(BUNDLE_EXECUTABLE_FOLDER_PATH)/MatheusPinheiroBarbosa";
			};
			name = Release;
		};
		9D96EAA22B72A0B100FCD59D /* Debug */ = {
			isa = XCBuildConfiguration;
			buildSettings = {
				ALWAYS_EMBED_SWIFT_STANDARD_LIBRARIES = YES;
				CODE_SIGN_STYLE = Automatic;
				CURRENT_PROJECT_VERSION = 1;
				DEVELOPMENT_TEAM = 4T4GCN29K7;
				GENERATE_INFOPLIST_FILE = YES;
				MARKETING_VERSION = 1.0;
				PRODUCT_BUNDLE_IDENTIFIER = com.pinheiro.DictionMasterUITests;
				PRODUCT_NAME = "$(TARGET_NAME)";
				SWIFT_EMIT_LOC_STRINGS = NO;
				SWIFT_VERSION = 5.0;
				TARGETED_DEVICE_FAMILY = "1,2";
				TEST_TARGET_NAME = DictionMaster;
			};
			name = Debug;
		};
		9D96EAA32B72A0B100FCD59D /* Release */ = {
			isa = XCBuildConfiguration;
			buildSettings = {
				ALWAYS_EMBED_SWIFT_STANDARD_LIBRARIES = YES;
				CODE_SIGN_STYLE = Automatic;
				CURRENT_PROJECT_VERSION = 1;
				DEVELOPMENT_TEAM = 4T4GCN29K7;
				GENERATE_INFOPLIST_FILE = YES;
				MARKETING_VERSION = 1.0;
				PRODUCT_BUNDLE_IDENTIFIER = com.pinheiro.DictionMasterUITests;
				PRODUCT_NAME = "$(TARGET_NAME)";
				SWIFT_EMIT_LOC_STRINGS = NO;
				SWIFT_VERSION = 5.0;
				TARGETED_DEVICE_FAMILY = "1,2";
				TEST_TARGET_NAME = DictionMaster;
			};
			name = Release;
		};
/* End XCBuildConfiguration section */

/* Begin XCConfigurationList section */
		9D96EA6C2B72A0AF00FCD59D /* Build configuration list for PBXProject "MatheusPinheiroBarbosa" */ = {
			isa = XCConfigurationList;
			buildConfigurations = (
				9D96EA992B72A0B100FCD59D /* Debug */,
				9D96EA9A2B72A0B100FCD59D /* Release */,
			);
			defaultConfigurationIsVisible = 0;
			defaultConfigurationName = Release;
		};
		9D96EA9B2B72A0B100FCD59D /* Build configuration list for PBXNativeTarget "MatheusPinheiroBarbosa" */ = {
			isa = XCConfigurationList;
			buildConfigurations = (
				9D96EA9C2B72A0B100FCD59D /* Debug */,
				9D96EA9D2B72A0B100FCD59D /* Release */,
			);
			defaultConfigurationIsVisible = 0;
			defaultConfigurationName = Release;
		};
		9D96EA9E2B72A0B100FCD59D /* Build configuration list for PBXNativeTarget "MatheusPinheiroBarbosaTests" */ = {
			isa = XCConfigurationList;
			buildConfigurations = (
				9D96EA9F2B72A0B100FCD59D /* Debug */,
				9D96EAA02B72A0B100FCD59D /* Release */,
			);
			defaultConfigurationIsVisible = 0;
			defaultConfigurationName = Release;
		};
		9D96EAA12B72A0B100FCD59D /* Build configuration list for PBXNativeTarget "MatheusPinheiroBarbosaUITests" */ = {
			isa = XCConfigurationList;
			buildConfigurations = (
				9D96EAA22B72A0B100FCD59D /* Debug */,
				9D96EAA32B72A0B100FCD59D /* Release */,
			);
			defaultConfigurationIsVisible = 0;
			defaultConfigurationName = Release;
		};
/* End XCConfigurationList section */
	};
	rootObject = 9D96EA692B72A0AF00FCD59D /* Project object */;
}
